// !$*UTF8*$!
{
	archiveVersion = 1;
	classes = {
	};
	objectVersion = 48;
	objects = {

/* Begin PBXBuildFile section */
		E1C2F7EC20A13223007CE961 /* AppDelegate.m in Sources */ = {isa = PBXBuildFile; fileRef = E1C2F7EB20A13223007CE961 /* AppDelegate.m */; };
		E1C2F7EF20A13223007CE961 /* ViewController.m in Sources */ = {isa = PBXBuildFile; fileRef = E1C2F7EE20A13223007CE961 /* ViewController.m */; };
		E1C2F7F220A13223007CE961 /* Main.storyboard in Resources */ = {isa = PBXBuildFile; fileRef = E1C2F7F020A13223007CE961 /* Main.storyboard */; };
		E1C2F7F420A13223007CE961 /* Assets.xcassets in Resources */ = {isa = PBXBuildFile; fileRef = E1C2F7F320A13223007CE961 /* Assets.xcassets */; };
		E1C2F7F720A13223007CE961 /* LaunchScreen.storyboard in Resources */ = {isa = PBXBuildFile; fileRef = E1C2F7F520A13223007CE961 /* LaunchScreen.storyboard */; };
		E1C2F7FA20A13223007CE961 /* main.m in Sources */ = {isa = PBXBuildFile; fileRef = E1C2F7F920A13223007CE961 /* main.m */; };
		E1C2F80220A13262007CE961 /* KNCCHmacTool.m in Sources */ = {isa = PBXBuildFile; fileRef = E1C2F80120A13262007CE961 /* KNCCHmacTool.m */; };
		E1C2F80A20A1381A007CE961 /* hmac.c in Sources */ = {isa = PBXBuildFile; fileRef = E1C2F80420A1381A007CE961 /* hmac.c */; };
		E1C2F80B20A1381A007CE961 /* sha1.c in Sources */ = {isa = PBXBuildFile; fileRef = E1C2F80620A1381A007CE961 /* sha1.c */; };
		E1C2F80C20A1381A007CE961 /* Base64Transcoder.c in Sources */ = {isa = PBXBuildFile; fileRef = E1C2F80820A1381A007CE961 /* Base64Transcoder.c */; };
/* End PBXBuildFile section */

/* Begin PBXFileReference section */
		E1C2F7E720A13223007CE961 /* KNCCHmac.app */ = {isa = PBXFileReference; explicitFileType = wrapper.application; includeInIndex = 0; path = KNCCHmac.app; sourceTree = BUILT_PRODUCTS_DIR; };
		E1C2F7EA20A13223007CE961 /* AppDelegate.h */ = {isa = PBXFileReference; lastKnownFileType = sourcecode.c.h; path = AppDelegate.h; sourceTree = "<group>"; };
		E1C2F7EB20A13223007CE961 /* AppDelegate.m */ = {isa = PBXFileReference; lastKnownFileType = sourcecode.c.objc; path = AppDelegate.m; sourceTree = "<group>"; };
		E1C2F7ED20A13223007CE961 /* ViewController.h */ = {isa = PBXFileReference; lastKnownFileType = sourcecode.c.h; path = ViewController.h; sourceTree = "<group>"; };
		E1C2F7EE20A13223007CE961 /* ViewController.m */ = {isa = PBXFileReference; lastKnownFileType = sourcecode.c.objc; path = ViewController.m; sourceTree = "<group>"; };
		E1C2F7F120A13223007CE961 /* Base */ = {isa = PBXFileReference; lastKnownFileType = file.storyboard; name = Base; path = Base.lproj/Main.storyboard; sourceTree = "<group>"; };
		E1C2F7F320A13223007CE961 /* Assets.xcassets */ = {isa = PBXFileReference; lastKnownFileType = folder.assetcatalog; path = Assets.xcassets; sourceTree = "<group>"; };
		E1C2F7F620A13223007CE961 /* Base */ = {isa = PBXFileReference; lastKnownFileType = file.storyboard; name = Base; path = Base.lproj/LaunchScreen.storyboard; sourceTree = "<group>"; };
		E1C2F7F820A13223007CE961 /* Info.plist */ = {isa = PBXFileReference; lastKnownFileType = text.plist.xml; path = Info.plist; sourceTree = "<group>"; };
		E1C2F7F920A13223007CE961 /* main.m */ = {isa = PBXFileReference; lastKnownFileType = sourcecode.c.objc; path = main.m; sourceTree = "<group>"; };
		E1C2F80020A13262007CE961 /* KNCCHmacTool.h */ = {isa = PBXFileReference; lastKnownFileType = sourcecode.c.h; path = KNCCHmacTool.h; sourceTree = "<group>"; };
		E1C2F80120A13262007CE961 /* KNCCHmacTool.m */ = {isa = PBXFileReference; lastKnownFileType = sourcecode.c.objc; path = KNCCHmacTool.m; sourceTree = "<group>"; };
		E1C2F80420A1381A007CE961 /* hmac.c */ = {isa = PBXFileReference; fileEncoding = 4; lastKnownFileType = sourcecode.c.c; path = hmac.c; sourceTree = "<group>"; };
		E1C2F80520A1381A007CE961 /* Base64Transcoder.h */ = {isa = PBXFileReference; fileEncoding = 4; lastKnownFileType = sourcecode.c.h; path = Base64Transcoder.h; sourceTree = "<group>"; };
		E1C2F80620A1381A007CE961 /* sha1.c */ = {isa = PBXFileReference; fileEncoding = 4; lastKnownFileType = sourcecode.c.c; path = sha1.c; sourceTree = "<group>"; };
		E1C2F80720A1381A007CE961 /* hmac.h */ = {isa = PBXFileReference; fileEncoding = 4; lastKnownFileType = sourcecode.c.h; path = hmac.h; sourceTree = "<group>"; };
		E1C2F80820A1381A007CE961 /* Base64Transcoder.c */ = {isa = PBXFileReference; fileEncoding = 4; lastKnownFileType = sourcecode.c.c; path = Base64Transcoder.c; sourceTree = "<group>"; };
		E1C2F80920A1381A007CE961 /* sha1.h */ = {isa = PBXFileReference; fileEncoding = 4; lastKnownFileType = sourcecode.c.h; path = sha1.h; sourceTree = "<group>"; };
/* End PBXFileReference section */

/* Begin PBXFrameworksBuildPhase section */
		E1C2F7E420A13223007CE961 /* Frameworks */ = {
			isa = PBXFrameworksBuildPhase;
			buildActionMask = 2147483647;
			files = (
			);
			runOnlyForDeploymentPostprocessing = 0;
		};
/* End PBXFrameworksBuildPhase section */

/* Begin PBXGroup section */
		E1C2F7DE20A13223007CE961 = {
			isa = PBXGroup;
			children = (
				E1C2F7E920A13223007CE961 /* KNCCHmac */,
				E1C2F7E820A13223007CE961 /* Products */,
			);
			sourceTree = "<group>";
		};
		E1C2F7E820A13223007CE961 /* Products */ = {
			isa = PBXGroup;
			children = (
				E1C2F7E720A13223007CE961 /* KNCCHmac.app */,
			);
			name = Products;
			sourceTree = "<group>";
		};
		E1C2F7E920A13223007CE961 /* KNCCHmac */ = {
			isa = PBXGroup;
			children = (
				E1C2F80320A1381A007CE961 /* Crypto */,
				E1C2F7EA20A13223007CE961 /* AppDelegate.h */,
				E1C2F7EB20A13223007CE961 /* AppDelegate.m */,
				E1C2F7ED20A13223007CE961 /* ViewController.h */,
				E1C2F7EE20A13223007CE961 /* ViewController.m */,
				E1C2F80020A13262007CE961 /* KNCCHmacTool.h */,
				E1C2F80120A13262007CE961 /* KNCCHmacTool.m */,
				E1C2F7F020A13223007CE961 /* Main.storyboard */,
				E1C2F7F320A13223007CE961 /* Assets.xcassets */,
				E1C2F7F520A13223007CE961 /* LaunchScreen.storyboard */,
				E1C2F7F820A13223007CE961 /* Info.plist */,
				E1C2F7F920A13223007CE961 /* main.m */,
			);
			path = KNCCHmac;
			sourceTree = "<group>";
		};
		E1C2F80320A1381A007CE961 /* Crypto */ = {
			isa = PBXGroup;
			children = (
				E1C2F80420A1381A007CE961 /* hmac.c */,
				E1C2F80520A1381A007CE961 /* Base64Transcoder.h */,
				E1C2F80620A1381A007CE961 /* sha1.c */,
				E1C2F80720A1381A007CE961 /* hmac.h */,
				E1C2F80820A1381A007CE961 /* Base64Transcoder.c */,
				E1C2F80920A1381A007CE961 /* sha1.h */,
			);
			path = Crypto;
			sourceTree = "<group>";
		};
/* End PBXGroup section */

/* Begin PBXNativeTarget section */
		E1C2F7E620A13223007CE961 /* KNCCHmac */ = {
			isa = PBXNativeTarget;
			buildConfigurationList = E1C2F7FD20A13223007CE961 /* Build configuration list for PBXNativeTarget "KNCCHmac" */;
			buildPhases = (
				E1C2F7E320A13223007CE961 /* Sources */,
				E1C2F7E420A13223007CE961 /* Frameworks */,
				E1C2F7E520A13223007CE961 /* Resources */,
			);
			buildRules = (
			);
			dependencies = (
			);
			name = KNCCHmac;
			productName = KNCCHmac;
			productReference = E1C2F7E720A13223007CE961 /* KNCCHmac.app */;
			productType = "com.apple.product-type.application";
		};
/* End PBXNativeTarget section */

/* Begin PBXProject section */
		E1C2F7DF20A13223007CE961 /* Project object */ = {
			isa = PBXProject;
			attributes = {
				LastUpgradeCheck = 0910;
				ORGANIZATIONNAME = devzkn;
				TargetAttributes = {
					E1C2F7E620A13223007CE961 = {
						CreatedOnToolsVersion = 9.1;
						ProvisioningStyle = Automatic;
					};
				};
			};
			buildConfigurationList = E1C2F7E220A13223007CE961 /* Build configuration list for PBXProject "KNCCHmac" */;
			compatibilityVersion = "Xcode 8.0";
			developmentRegion = en;
			hasScannedForEncodings = 0;
			knownRegions = (
				en,
				Base,
			);
			mainGroup = E1C2F7DE20A13223007CE961;
			productRefGroup = E1C2F7E820A13223007CE961 /* Products */;
			projectDirPath = "";
			projectRoot = "";
			targets = (
				E1C2F7E620A13223007CE961 /* KNCCHmac */,
			);
		};
/* End PBXProject section */

/* Begin PBXResourcesBuildPhase section */
		E1C2F7E520A13223007CE961 /* Resources */ = {
			isa = PBXResourcesBuildPhase;
			buildActionMask = 2147483647;
			files = (
				E1C2F7F720A13223007CE961 /* LaunchScreen.storyboard in Resources */,
				E1C2F7F420A13223007CE961 /* Assets.xcassets in Resources */,
				E1C2F7F220A13223007CE961 /* Main.storyboard in Resources */,
			);
			runOnlyForDeploymentPostprocessing = 0;
		};
/* End PBXResourcesBuildPhase section */

/* Begin PBXSourcesBuildPhase section */
		E1C2F7E320A13223007CE961 /* Sources */ = {
			isa = PBXSourcesBuildPhase;
			buildActionMask = 2147483647;
			files = (
				E1C2F80C20A1381A007CE961 /* Base64Transcoder.c in Sources */,
				E1C2F80B20A1381A007CE961 /* sha1.c in Sources */,
				E1C2F80A20A1381A007CE961 /* hmac.c in Sources */,
				E1C2F7EF20A13223007CE961 /* ViewController.m in Sources */,
				E1C2F7FA20A13223007CE961 /* main.m in Sources */,
				E1C2F7EC20A13223007CE961 /* AppDelegate.m in Sources */,
				E1C2F80220A13262007CE961 /* KNCCHmacTool.m in Sources */,
			);
			runOnlyForDeploymentPostprocessing = 0;
		};
/* End PBXSourcesBuildPhase section */

/* Begin PBXVariantGroup section */
		E1C2F7F020A13223007CE961 /* Main.storyboard */ = {
			isa = PBXVariantGroup;
			children = (
				E1C2F7F120A13223007CE961 /* Base */,
			);
			name = Main.storyboard;
			sourceTree = "<group>";
		};
		E1C2F7F520A13223007CE961 /* LaunchScreen.storyboard */ = {
			isa = PBXVariantGroup;
			children = (
				E1C2F7F620A13223007CE961 /* Base */,
			);
			name = LaunchScreen.storyboard;
			sourceTree = "<group>";
		};
/* End PBXVariantGroup section */

/* Begin XCBuildConfiguration section */
		E1C2F7FB20A13223007CE961 /* Debug */ = {
			isa = XCBuildConfiguration;
			buildSettings = {
				ALWAYS_SEARCH_USER_PATHS = NO;
				CLANG_ANALYZER_NONNULL = YES;
				CLANG_ANALYZER_NUMBER_OBJECT_CONVERSION = YES_AGGRESSIVE;
				CLANG_CXX_LANGUAGE_STANDARD = "gnu++14";
				CLANG_CXX_LIBRARY = "libc++";
				CLANG_ENABLE_MODULES = YES;
				CLANG_ENABLE_OBJC_ARC = YES;
				CLANG_WARN_BLOCK_CAPTURE_AUTORELEASING = YES;
				CLANG_WARN_BOOL_CONVERSION = YES;
				CLANG_WARN_COMMA = YES;
				CLANG_WARN_CONSTANT_CONVERSION = YES;
				CLANG_WARN_DIRECT_OBJC_ISA_USAGE = YES_ERROR;
				CLANG_WARN_DOCUMENTATION_COMMENTS = YES;
				CLANG_WARN_EMPTY_BODY = YES;
				CLANG_WARN_ENUM_CONVERSION = YES;
				CLANG_WARN_INFINITE_RECURSION = YES;
				CLANG_WARN_INT_CONVERSION = YES;
				CLANG_WARN_NON_LITERAL_NULL_CONVERSION = YES;
				CLANG_WARN_OBJC_LITERAL_CONVERSION = YES;
				CLANG_WARN_OBJC_ROOT_CLASS = YES_ERROR;
				CLANG_WARN_RANGE_LOOP_ANALYSIS = YES;
				CLANG_WARN_STRICT_PROTOTYPES = YES;
				CLANG_WARN_SUSPICIOUS_MOVE = YES;
				CLANG_WARN_UNGUARDED_AVAILABILITY = YES_AGGRESSIVE;
				CLANG_WARN_UNREACHABLE_CODE = YES;
				CLANG_WARN__DUPLICATE_METHOD_MATCH = YES;
				CODE_SIGN_IDENTITY = "iPhone Developer";
				COPY_PHASE_STRIP = NO;
				DEBUG_INFORMATION_FORMAT = dwarf;
				ENABLE_STRICT_OBJC_MSGSEND = YES;
				ENABLE_TESTABILITY = YES;
				GCC_C_LANGUAGE_STANDARD = gnu11;
				GCC_DYNAMIC_NO_PIC = NO;
				GCC_NO_COMMON_BLOCKS = YES;
				GCC_OPTIMIZATION_LEVEL = 0;
				GCC_PREPROCESSOR_DEFINITIONS = (
					"DEBUG=1",
					"$(inherited)",
				);
				GCC_WARN_64_TO_32_BIT_CONVERSION = YES;
				GCC_WARN_ABOUT_RETURN_TYPE = YES_ERROR;
				GCC_WARN_UNDECLARED_SELECTOR = YES;
				GCC_WARN_UNINITIALIZED_AUTOS = YES_AGGRESSIVE;
				GCC_WARN_UNUSED_FUNCTION = YES;
				GCC_WARN_UNUSED_VARIABLE = YES;
				IPHONEOS_DEPLOYMENT_TARGET = 11.1;
				MTL_ENABLE_DEBUG_INFO = YES;
				ONLY_ACTIVE_ARCH = YES;
				SDKROOT = iphoneos;
			};
			name = Debug;
		};
		E1C2F7FC20A13223007CE961 /* Release */ = {
			isa = XCBuildConfiguration;
			buildSettings = {
				ALWAYS_SEARCH_USER_PATHS = NO;
				CLANG_ANALYZER_NONNULL = YES;
				CLANG_ANALYZER_NUMBER_OBJECT_CONVERSION = YES_AGGRESSIVE;
				CLANG_CXX_LANGUAGE_STANDARD = "gnu++14";
				CLANG_CXX_LIBRARY = "libc++";
				CLANG_ENABLE_MODULES = YES;
				CLANG_ENABLE_OBJC_ARC = YES;
				CLANG_WARN_BLOCK_CAPTURE_AUTORELEASING = YES;
				CLANG_WARN_BOOL_CONVERSION = YES;
				CLANG_WARN_COMMA = YES;
				CLANG_WARN_CONSTANT_CONVERSION = YES;
				CLANG_WARN_DIRECT_OBJC_ISA_USAGE = YES_ERROR;
				CLANG_WARN_DOCUMENTATION_COMMENTS = YES;
				CLANG_WARN_EMPTY_BODY = YES;
				CLANG_WARN_ENUM_CONVERSION = YES;
				CLANG_WARN_INFINITE_RECURSION = YES;
				CLANG_WARN_INT_CONVERSION = YES;
				CLANG_WARN_NON_LITERAL_NULL_CONVERSION = YES;
				CLANG_WARN_OBJC_LITERAL_CONVERSION = YES;
				CLANG_WARN_OBJC_ROOT_CLASS = YES_ERROR;
				CLANG_WARN_RANGE_LOOP_ANALYSIS = YES;
				CLANG_WARN_STRICT_PROTOTYPES = YES;
				CLANG_WARN_SUSPICIOUS_MOVE = YES;
				CLANG_WARN_UNGUARDED_AVAILABILITY = YES_AGGRESSIVE;
				CLANG_WARN_UNREACHABLE_CODE = YES;
				CLANG_WARN__DUPLICATE_METHOD_MATCH = YES;
				CODE_SIGN_IDENTITY = "iPhone Developer";
				COPY_PHASE_STRIP = NO;
				DEBUG_INFORMATION_FORMAT = "dwarf-with-dsym";
				ENABLE_NS_ASSERTIONS = NO;
				ENABLE_STRICT_OBJC_MSGSEND = YES;
				GCC_C_LANGUAGE_STANDARD = gnu11;
				GCC_NO_COMMON_BLOCKS = YES;
				GCC_WARN_64_TO_32_BIT_CONVERSION = YES;
				GCC_WARN_ABOUT_RETURN_TYPE = YES_ERROR;
				GCC_WARN_UNDECLARED_SELECTOR = YES;
				GCC_WARN_UNINITIALIZED_AUTOS = YES_AGGRESSIVE;
				GCC_WARN_UNUSED_FUNCTION = YES;
				GCC_WARN_UNUSED_VARIABLE = YES;
				IPHONEOS_DEPLOYMENT_TARGET = 11.1;
				MTL_ENABLE_DEBUG_INFO = NO;
				SDKROOT = iphoneos;
				VALIDATE_PRODUCT = YES;
			};
			name = Release;
		};
		E1C2F7FE20A13223007CE961 /* Debug */ = {
			isa = XCBuildConfiguration;
			buildSettings = {
				ASSETCATALOG_COMPILER_APPICON_NAME = AppIcon;
				CODE_SIGN_STYLE = Automatic;
				DEVELOPMENT_TEAM = UVWU8XCYJX;
				INFOPLIST_FILE = KNCCHmac/Info.plist;
				LD_RUNPATH_SEARCH_PATHS = "$(inherited) @executable_path/Frameworks";
				PRODUCT_BUNDLE_IDENTIFIER = kunnan.KNCCHmac;
				PRODUCT_NAME = "$(TARGET_NAME)";
				TARGETED_DEVICE_FAMILY = "1,2";
			};
			name = Debug;
		};
		E1C2F7FF20A13223007CE961 /* Release */ = {
			isa = XCBuildConfiguration;
			buildSettings = {
				ASSETCATALOG_COMPILER_APPICON_NAME = AppIcon;
				CODE_SIGN_STYLE = Automatic;
				DEVELOPMENT_TEAM = UVWU8XCYJX;
				INFOPLIST_FILE = KNCCHmac/Info.plist;
				LD_RUNPATH_SEARCH_PATHS = "$(inherited) @executable_path/Frameworks";
				PRODUCT_BUNDLE_IDENTIFIER = kunnan.KNCCHmac;
				PRODUCT_NAME = "$(TARGET_NAME)";
				TARGETED_DEVICE_FAMILY = "1,2";
			};
			name = Release;
		};
/* End XCBuildConfiguration section */

/* Begin XCConfigurationList section */
		E1C2F7E220A13223007CE961 /* Build configuration list for PBXProject "KNCCHmac" */ = {
			isa = XCConfigurationList;
			buildConfigurations = (
				E1C2F7FB20A13223007CE961 /* Debug */,
				E1C2F7FC20A13223007CE961 /* Release */,
			);
			defaultConfigurationIsVisible = 0;
			defaultConfigurationName = Release;
		};
		E1C2F7FD20A13223007CE961 /* Build configuration list for PBXNativeTarget "KNCCHmac" */ = {
			isa = XCConfigurationList;
			buildConfigurations = (
				E1C2F7FE20A13223007CE961 /* Debug */,
				E1C2F7FF20A13223007CE961 /* Release */,
			);
			defaultConfigurationIsVisible = 0;
			defaultConfigurationName = Release;
		};
/* End XCConfigurationList section */
	};
	rootObject = E1C2F7DF20A13223007CE961 /* Project object */;
}
